Microsoft Visual Studio Solution File, Format Version 12.00
# Visual Studio Version 17
VisualStudioVersion = 17.5.2.0
MinimumVisualStudioVersion = 10.0.40219.1
Project("{FAE04EC0-301F-11D3-BF4B-00C04F79EFBC}") = "stock-market", "stock-market.csproj", "{97B47280-46E5-DA25-D064-B2E3733907EA}"
EndProject
Global
	GlobalSection(SolutionConfigurationPlatforms) = preSolution
		Debug|Any CPU = Debug|Any CPU
		Release|Any CPU = Release|Any CPU
	EndGlobalSection
	GlobalSection(ProjectConfigurationPlatforms) = postSolution
		{97B47280-46E5-DA25-D064-B2E3733907EA}.Debug|Any CPU.ActiveCfg = Debug|Any CPU
		{97B47280-46E5-DA25-D064-B2E3733907EA}.Debug|Any CPU.Build.0 = Debug|Any CPU
		{97B47280-46E5-DA25-D064-B2E3733907EA}.Release|Any CPU.ActiveCfg = Release|Any CPU
		{97B47280-46E5-DA25-D064-B2E3733907EA}.Release|Any CPU.Build.0 = Release|Any CPU
	EndGlobalSection
	GlobalSection(SolutionProperties) = preSolution
		HideSolutionNode = FALSE
	EndGlobalSection
	GlobalSection(ExtensibilityGlobals) = postSolution
		SolutionGuid = {A287044B-C297-4470-B757-890FC46669EA}
	EndGlobalSection
EndGlobal
